// !$*UTF8*$!
{
	archiveVersion = 1;
	classes = {
	};
	objectVersion = 56;
	objects = {

/* Begin PBXBuildFile section */
		5C5F81342B91BCB000654123 /* Retro_GameApp.swift in Sources */ = {isa = PBXBuildFile; fileRef = 5C5F81332B91BCB000654123 /* Retro_GameApp.swift */; };
		5C5F81362B91BCB000654123 /* ContentView.swift in Sources */ = {isa = PBXBuildFile; fileRef = 5C5F81352B91BCB000654123 /* ContentView.swift */; };
		5C5F813A2B91BCB200654123 /* Assets.xcassets in Resources */ = {isa = PBXBuildFile; fileRef = 5C5F81392B91BCB200654123 /* Assets.xcassets */; };
		5C5F813D2B91BCB200654123 /* Preview Assets.xcassets in Resources */ = {isa = PBXBuildFile; fileRef = 5C5F813C2B91BCB200654123 /* Preview Assets.xcassets */; };
		5C61FD152B94B0CF00706884 /* ReverseGame.swift in Sources */ = {isa = PBXBuildFile; fileRef = 5C61FD142B94B0CF00706884 /* ReverseGame.swift */; };
		5C61FD172B958B8A00706884 /* FindOthelloPiece.swift in Sources */ = {isa = PBXBuildFile; fileRef = 5C61FD162B958B8A00706884 /* FindOthelloPiece.swift */; };
		5C61FD1E2B9613C200706884 /* FirebaseAnalytics in Frameworks */ = {isa = PBXBuildFile; productRef = 5C61FD1D2B9613C200706884 /* FirebaseAnalytics */; };
		5C61FD202B9613C200706884 /* FirebaseAnalyticsOnDeviceConversion in Frameworks */ = {isa = PBXBuildFile; productRef = 5C61FD1F2B9613C200706884 /* FirebaseAnalyticsOnDeviceConversion */; };
		5C61FD222B9613C200706884 /* FirebaseAnalyticsSwift in Frameworks */ = {isa = PBXBuildFile; productRef = 5C61FD212B9613C200706884 /* FirebaseAnalyticsSwift */; };
		5C61FD242B9613C200706884 /* FirebaseAnalyticsWithoutAdIdSupport in Frameworks */ = {isa = PBXBuildFile; productRef = 5C61FD232B9613C200706884 /* FirebaseAnalyticsWithoutAdIdSupport */; };
		5C61FD262B9613C200706884 /* FirebaseAppCheck in Frameworks */ = {isa = PBXBuildFile; productRef = 5C61FD252B9613C200706884 /* FirebaseAppCheck */; };
		5C61FD292B99881900706884 /* WhereWinner.swift in Sources */ = {isa = PBXBuildFile; fileRef = 5C61FD282B99881900706884 /* WhereWinner.swift */; };
		5C61FD2B2B9B662A00706884 /* FirebaseAnalytics in Frameworks */ = {isa = PBXBuildFile; productRef = 5C61FD2A2B9B662A00706884 /* FirebaseAnalytics */; };
		5C61FD2D2B9B662A00706884 /* FirebaseAnalyticsOnDeviceConversion in Frameworks */ = {isa = PBXBuildFile; productRef = 5C61FD2C2B9B662A00706884 /* FirebaseAnalyticsOnDeviceConversion */; };
		5C61FD2F2B9B662A00706884 /* FirebaseAnalyticsSwift in Frameworks */ = {isa = PBXBuildFile; productRef = 5C61FD2E2B9B662A00706884 /* FirebaseAnalyticsSwift */; };
		5C61FD312B9B662A00706884 /* FirebaseAnalyticsWithoutAdIdSupport in Frameworks */ = {isa = PBXBuildFile; productRef = 5C61FD302B9B662A00706884 /* FirebaseAnalyticsWithoutAdIdSupport */; };
		5C61FD332B9B662A00706884 /* FirebaseAppCheck in Frameworks */ = {isa = PBXBuildFile; productRef = 5C61FD322B9B662A00706884 /* FirebaseAppCheck */; };
		5C61FD362B9B66B300706884 /* FirebaseFirestoreSwift in Frameworks */ = {isa = PBXBuildFile; productRef = 5C61FD352B9B66B300706884 /* FirebaseFirestoreSwift */; };
		5C61FD382B9B671300706884 /* FirebaseFirestore in Frameworks */ = {isa = PBXBuildFile; productRef = 5C61FD372B9B671300706884 /* FirebaseFirestore */; };
		5C61FD3A2B9E29BB00706884 /* ReversiDataClass.swift in Sources */ = {isa = PBXBuildFile; fileRef = 5C61FD392B9E29BB00706884 /* ReversiDataClass.swift */; };
		5C61FD3C2B9F310700706884 /* NameChange.swift in Sources */ = {isa = PBXBuildFile; fileRef = 5C61FD3B2B9F310700706884 /* NameChange.swift */; };
		5C61FD3E2B9F44E500706884 /* OnlineReversiRoom.swift in Sources */ = {isa = PBXBuildFile; fileRef = 5C61FD3D2B9F44E500706884 /* OnlineReversiRoom.swift */; };
		5C61FD402BA0AC5500706884 /* OnlineReversiGame.swift in Sources */ = {isa = PBXBuildFile; fileRef = 5C61FD3F2BA0AC5500706884 /* OnlineReversiGame.swift */; };
		5C61FD422BA1E3B900706884 /* GoogleService-Info.plist in Resources */ = {isa = PBXBuildFile; fileRef = 5C61FD412BA1E3B900706884 /* GoogleService-Info.plist */; };
		5C61FD442BA20FDD00706884 /* ReversiBattleDataClass.swift in Sources */ = {isa = PBXBuildFile; fileRef = 5C61FD432BA20FDD00706884 /* ReversiBattleDataClass.swift */; };
		5C61FD622BA38EED00706884 /* MonitoringNetworkState.swift in Sources */ = {isa = PBXBuildFile; fileRef = 5C61FD612BA38EED00706884 /* MonitoringNetworkState.swift */; };
		5C61FD672BA48A6400706884 /* MainView.swift in Sources */ = {isa = PBXBuildFile; fileRef = 5C61FD662BA48A6400706884 /* MainView.swift */; };
		5C61FD6A2BA86E5B00706884 /* Neumorphic in Frameworks */ = {isa = PBXBuildFile; productRef = 5C61FD692BA86E5B00706884 /* Neumorphic */; };
/* End PBXBuildFile section */

/* Begin PBXFileReference section */
		5C5F81302B91BCB000654123 /* Retro Game.app */ = {isa = PBXFileReference; explicitFileType = wrapper.application; includeInIndex = 0; path = "Retro Game.app"; sourceTree = BUILT_PRODUCTS_DIR; };
		5C5F81332B91BCB000654123 /* Retro_GameApp.swift */ = {isa = PBXFileReference; lastKnownFileType = sourcecode.swift; path = Retro_GameApp.swift; sourceTree = "<group>"; };
		5C5F81352B91BCB000654123 /* ContentView.swift */ = {isa = PBXFileReference; lastKnownFileType = sourcecode.swift; path = ContentView.swift; sourceTree = "<group>"; };
		5C5F81392B91BCB200654123 /* Assets.xcassets */ = {isa = PBXFileReference; lastKnownFileType = folder.assetcatalog; path = Assets.xcassets; sourceTree = "<group>"; };
		5C5F813C2B91BCB200654123 /* Preview Assets.xcassets */ = {isa = PBXFileReference; lastKnownFileType = folder.assetcatalog; path = "Preview Assets.xcassets"; sourceTree = "<group>"; };
		5C61FD142B94B0CF00706884 /* ReverseGame.swift */ = {isa = PBXFileReference; lastKnownFileType = sourcecode.swift; path = ReverseGame.swift; sourceTree = "<group>"; };
		5C61FD162B958B8A00706884 /* FindOthelloPiece.swift */ = {isa = PBXFileReference; lastKnownFileType = sourcecode.swift; path = FindOthelloPiece.swift; sourceTree = "<group>"; };
		5C61FD282B99881900706884 /* WhereWinner.swift */ = {isa = PBXFileReference; lastKnownFileType = sourcecode.swift; path = WhereWinner.swift; sourceTree = "<group>"; };
		5C61FD392B9E29BB00706884 /* ReversiDataClass.swift */ = {isa = PBXFileReference; lastKnownFileType = sourcecode.swift; path = ReversiDataClass.swift; sourceTree = "<group>"; };
		5C61FD3B2B9F310700706884 /* NameChange.swift */ = {isa = PBXFileReference; lastKnownFileType = sourcecode.swift; path = NameChange.swift; sourceTree = "<group>"; };
		5C61FD3D2B9F44E500706884 /* OnlineReversiRoom.swift */ = {isa = PBXFileReference; lastKnownFileType = sourcecode.swift; path = OnlineReversiRoom.swift; sourceTree = "<group>"; };
		5C61FD3F2BA0AC5500706884 /* OnlineReversiGame.swift */ = {isa = PBXFileReference; lastKnownFileType = sourcecode.swift; path = OnlineReversiGame.swift; sourceTree = "<group>"; };
		5C61FD412BA1E3B900706884 /* GoogleService-Info.plist */ = {isa = PBXFileReference; fileEncoding = 4; lastKnownFileType = text.plist.xml; name = "GoogleService-Info.plist"; path = "../../../../Downloads/GoogleService-Info.plist"; sourceTree = "<group>"; };
		5C61FD432BA20FDD00706884 /* ReversiBattleDataClass.swift */ = {isa = PBXFileReference; lastKnownFileType = sourcecode.swift; path = ReversiBattleDataClass.swift; sourceTree = "<group>"; };
		5C61FD612BA38EED00706884 /* MonitoringNetworkState.swift */ = {isa = PBXFileReference; lastKnownFileType = sourcecode.swift; path = MonitoringNetworkState.swift; sourceTree = "<group>"; };
		5C61FD662BA48A6400706884 /* MainView.swift */ = {isa = PBXFileReference; lastKnownFileType = sourcecode.swift; path = MainView.swift; sourceTree = "<group>"; };
/* End PBXFileReference section */

/* Begin PBXFrameworksBuildPhase section */
		5C5F812D2B91BCB000654123 /* Frameworks */ = {
			isa = PBXFrameworksBuildPhase;
			buildActionMask = 2147483647;
			files = (
				5C61FD222B9613C200706884 /* FirebaseAnalyticsSwift in Frameworks */,
				5C61FD1E2B9613C200706884 /* FirebaseAnalytics in Frameworks */,
				5C61FD2B2B9B662A00706884 /* FirebaseAnalytics in Frameworks */,
				5C61FD2D2B9B662A00706884 /* FirebaseAnalyticsOnDeviceConversion in Frameworks */,
				5C61FD2F2B9B662A00706884 /* FirebaseAnalyticsSwift in Frameworks */,
				5C61FD382B9B671300706884 /* FirebaseFirestore in Frameworks */,
				5C61FD362B9B66B300706884 /* FirebaseFirestoreSwift in Frameworks */,
				5C61FD202B9613C200706884 /* FirebaseAnalyticsOnDeviceConversion in Frameworks */,
				5C61FD6A2BA86E5B00706884 /* Neumorphic in Frameworks */,
				5C61FD262B9613C200706884 /* FirebaseAppCheck in Frameworks */,
				5C61FD312B9B662A00706884 /* FirebaseAnalyticsWithoutAdIdSupport in Frameworks */,
				5C61FD332B9B662A00706884 /* FirebaseAppCheck in Frameworks */,
				5C61FD242B9613C200706884 /* FirebaseAnalyticsWithoutAdIdSupport in Frameworks */,
			);
			runOnlyForDeploymentPostprocessing = 0;
		};
/* End PBXFrameworksBuildPhase section */

/* Begin PBXGroup section */
		5C5F81272B91BCB000654123 = {
			isa = PBXGroup;
			children = (
				5C5F81322B91BCB000654123 /* Retro Game */,
				5C5F81312B91BCB000654123 /* Products */,
				5C61FD342B9B66B300706884 /* Frameworks */,
			);
			sourceTree = "<group>";
		};
		5C5F81312B91BCB000654123 /* Products */ = {
			isa = PBXGroup;
			children = (
				5C5F81302B91BCB000654123 /* Retro Game.app */,
			);
			name = Products;
			sourceTree = "<group>";
		};
		5C5F81322B91BCB000654123 /* Retro Game */ = {
			isa = PBXGroup;
			children = (
				5C61FD612BA38EED00706884 /* MonitoringNetworkState.swift */,
				5C5F81332B91BCB000654123 /* Retro_GameApp.swift */,
				5C5F81352B91BCB000654123 /* ContentView.swift */,
				5C61FD412BA1E3B900706884 /* GoogleService-Info.plist */,
				5C61FD3B2B9F310700706884 /* NameChange.swift */,
				5C61FD632BA489FC00706884 /* SuikaGame */,
				5C61FD182B95FF6400706884 /* Reversi */,
				5C5F81392B91BCB200654123 /* Assets.xcassets */,
				5C5F813B2B91BCB200654123 /* Preview Content */,
			);
			path = "Retro Game";
			sourceTree = "<group>";
		};
		5C5F813B2B91BCB200654123 /* Preview Content */ = {
			isa = PBXGroup;
			children = (
				5C5F813C2B91BCB200654123 /* Preview Assets.xcassets */,
			);
			path = "Preview Content";
			sourceTree = "<group>";
		};
		5C61FD182B95FF6400706884 /* Reversi */ = {
			isa = PBXGroup;
			children = (
				5C61FD3D2B9F44E500706884 /* OnlineReversiRoom.swift */,
				5C61FD162B958B8A00706884 /* FindOthelloPiece.swift */,
				5C61FD392B9E29BB00706884 /* ReversiDataClass.swift */,
				5C61FD432BA20FDD00706884 /* ReversiBattleDataClass.swift */,
				5C61FD3F2BA0AC5500706884 /* OnlineReversiGame.swift */,
				5C61FD142B94B0CF00706884 /* ReverseGame.swift */,
				5C61FD282B99881900706884 /* WhereWinner.swift */,
			);
			path = Reversi;
			sourceTree = "<group>";
		};
		5C61FD342B9B66B300706884 /* Frameworks */ = {
			isa = PBXGroup;
			children = (
			);
			name = Frameworks;
			sourceTree = "<group>";
		};
		5C61FD632BA489FC00706884 /* SuikaGame */ = {
			isa = PBXGroup;
			children = (
				5C61FD662BA48A6400706884 /* MainView.swift */,
			);
			path = SuikaGame;
			sourceTree = "<group>";
		};
/* End PBXGroup section */

/* Begin PBXNativeTarget section */
		5C5F812F2B91BCB000654123 /* Retro Game */ = {
			isa = PBXNativeTarget;
			buildConfigurationList = 5C5F81402B91BCB200654123 /* Build configuration list for PBXNativeTarget "Retro Game" */;
			buildPhases = (
				5C5F812C2B91BCB000654123 /* Sources */,
				5C5F812D2B91BCB000654123 /* Frameworks */,
				5C5F812E2B91BCB000654123 /* Resources */,
			);
			buildRules = (
			);
			dependencies = (
			);
			name = "Retro Game";
			packageProductDependencies = (
				5C61FD1D2B9613C200706884 /* FirebaseAnalytics */,
				5C61FD1F2B9613C200706884 /* FirebaseAnalyticsOnDeviceConversion */,
				5C61FD212B9613C200706884 /* FirebaseAnalyticsSwift */,
				5C61FD232B9613C200706884 /* FirebaseAnalyticsWithoutAdIdSupport */,
				5C61FD252B9613C200706884 /* FirebaseAppCheck */,
				5C61FD2A2B9B662A00706884 /* FirebaseAnalytics */,
				5C61FD2C2B9B662A00706884 /* FirebaseAnalyticsOnDeviceConversion */,
				5C61FD2E2B9B662A00706884 /* FirebaseAnalyticsSwift */,
				5C61FD302B9B662A00706884 /* FirebaseAnalyticsWithoutAdIdSupport */,
				5C61FD322B9B662A00706884 /* FirebaseAppCheck */,
				5C61FD352B9B66B300706884 /* FirebaseFirestoreSwift */,
				5C61FD372B9B671300706884 /* FirebaseFirestore */,
				5C61FD692BA86E5B00706884 /* Neumorphic */,
			);
			productName = "Retro Game";
			productReference = 5C5F81302B91BCB000654123 /* Retro Game.app */;
			productType = "com.apple.product-type.application";
		};
/* End PBXNativeTarget section */

/* Begin PBXProject section */
		5C5F81282B91BCB000654123 /* Project object */ = {
			isa = PBXProject;
			attributes = {
				BuildIndependentTargetsInParallel = 1;
				LastSwiftUpdateCheck = 1500;
				LastUpgradeCheck = 1500;
				TargetAttributes = {
					5C5F812F2B91BCB000654123 = {
						CreatedOnToolsVersion = 15.0;
					};
				};
			};
			buildConfigurationList = 5C5F812B2B91BCB000654123 /* Build configuration list for PBXProject "Retro Game" */;
			compatibilityVersion = "Xcode 14.0";
			developmentRegion = en;
			hasScannedForEncodings = 0;
			knownRegions = (
				en,
				Base,
			);
			mainGroup = 5C5F81272B91BCB000654123;
			packageReferences = (
				5C61FD1C2B9613C200706884 /* XCRemoteSwiftPackageReference "firebase-ios-sdk" */,
				5C61FD682BA86E5B00706884 /* XCRemoteSwiftPackageReference "neumorphic" */,
			);
			productRefGroup = 5C5F81312B91BCB000654123 /* Products */;
			projectDirPath = "";
			projectRoot = "";
			targets = (
				5C5F812F2B91BCB000654123 /* Retro Game */,
			);
		};
/* End PBXProject section */

/* Begin PBXResourcesBuildPhase section */
		5C5F812E2B91BCB000654123 /* Resources */ = {
			isa = PBXResourcesBuildPhase;
			buildActionMask = 2147483647;
			files = (
				5C5F813D2B91BCB200654123 /* Preview Assets.xcassets in Resources */,
				5C5F813A2B91BCB200654123 /* Assets.xcassets in Resources */,
				5C61FD422BA1E3B900706884 /* GoogleService-Info.plist in Resources */,
			);
			runOnlyForDeploymentPostprocessing = 0;
		};
/* End PBXResourcesBuildPhase section */

/* Begin PBXSourcesBuildPhase section */
		5C5F812C2B91BCB000654123 /* Sources */ = {
			isa = PBXSourcesBuildPhase;
			buildActionMask = 2147483647;
			files = (
				5C5F81362B91BCB000654123 /* ContentView.swift in Sources */,
				5C61FD672BA48A6400706884 /* MainView.swift in Sources */,
				5C61FD622BA38EED00706884 /* MonitoringNetworkState.swift in Sources */,
				5C61FD442BA20FDD00706884 /* ReversiBattleDataClass.swift in Sources */,
				5C61FD402BA0AC5500706884 /* OnlineReversiGame.swift in Sources */,
				5C61FD172B958B8A00706884 /* FindOthelloPiece.swift in Sources */,
				5C5F81342B91BCB000654123 /* Retro_GameApp.swift in Sources */,
				5C61FD3A2B9E29BB00706884 /* ReversiDataClass.swift in Sources */,
				5C61FD3E2B9F44E500706884 /* OnlineReversiRoom.swift in Sources */,
				5C61FD152B94B0CF00706884 /* ReverseGame.swift in Sources */,
				5C61FD292B99881900706884 /* WhereWinner.swift in Sources */,
				5C61FD3C2B9F310700706884 /* NameChange.swift in Sources */,
			);
			runOnlyForDeploymentPostprocessing = 0;
		};
/* End PBXSourcesBuildPhase section */

/* Begin XCBuildConfiguration section */
		5C5F813E2B91BCB200654123 /* Debug */ = {
			isa = XCBuildConfiguration;
			buildSettings = {
				ALWAYS_SEARCH_USER_PATHS = NO;
				ASSETCATALOG_COMPILER_GENERATE_SWIFT_ASSET_SYMBOL_EXTENSIONS = YES;
				CLANG_ANALYZER_NONNULL = YES;
				CLANG_ANALYZER_NUMBER_OBJECT_CONVERSION = YES_AGGRESSIVE;
				CLANG_CXX_LANGUAGE_STANDARD = "gnu++20";
				CLANG_ENABLE_MODULES = YES;
				CLANG_ENABLE_OBJC_ARC = YES;
				CLANG_ENABLE_OBJC_WEAK = YES;
				CLANG_WARN_BLOCK_CAPTURE_AUTORELEASING = YES;
				CLANG_WARN_BOOL_CONVERSION = YES;
				CLANG_WARN_COMMA = YES;
				CLANG_WARN_CONSTANT_CONVERSION = YES;
				CLANG_WARN_DEPRECATED_OBJC_IMPLEMENTATIONS = YES;
				CLANG_WARN_DIRECT_OBJC_ISA_USAGE = YES_ERROR;
				CLANG_WARN_DOCUMENTATION_COMMENTS = YES;
				CLANG_WARN_EMPTY_BODY = YES;
				CLANG_WARN_ENUM_CONVERSION = YES;
				CLANG_WARN_INFINITE_RECURSION = YES;
				CLANG_WARN_INT_CONVERSION = YES;
				CLANG_WARN_NON_LITERAL_NULL_CONVERSION = YES;
				CLANG_WARN_OBJC_IMPLICIT_RETAIN_SELF = YES;
				CLANG_WARN_OBJC_LITERAL_CONVERSION = YES;
				CLANG_WARN_OBJC_ROOT_CLASS = YES_ERROR;
				CLANG_WARN_QUOTED_INCLUDE_IN_FRAMEWORK_HEADER = YES;
				CLANG_WARN_RANGE_LOOP_ANALYSIS = YES;
				CLANG_WARN_STRICT_PROTOTYPES = YES;
				CLANG_WARN_SUSPICIOUS_MOVE = YES;
				CLANG_WARN_UNGUARDED_AVAILABILITY = YES_AGGRESSIVE;
				CLANG_WARN_UNREACHABLE_CODE = YES;
				CLANG_WARN__DUPLICATE_METHOD_MATCH = YES;
				COPY_PHASE_STRIP = NO;
				DEBUG_INFORMATION_FORMAT = dwarf;
				ENABLE_STRICT_OBJC_MSGSEND = YES;
				ENABLE_TESTABILITY = YES;
				ENABLE_USER_SCRIPT_SANDBOXING = YES;
				GCC_C_LANGUAGE_STANDARD = gnu17;
				GCC_DYNAMIC_NO_PIC = NO;
				GCC_NO_COMMON_BLOCKS = YES;
				GCC_OPTIMIZATION_LEVEL = 0;
				GCC_PREPROCESSOR_DEFINITIONS = (
					"DEBUG=1",
					"$(inherited)",
				);
				GCC_WARN_64_TO_32_BIT_CONVERSION = YES;
				GCC_WARN_ABOUT_RETURN_TYPE = YES_ERROR;
				GCC_WARN_UNDECLARED_SELECTOR = YES;
				GCC_WARN_UNINITIALIZED_AUTOS = YES_AGGRESSIVE;
				GCC_WARN_UNUSED_FUNCTION = YES;
				GCC_WARN_UNUSED_VARIABLE = YES;
				IPHONEOS_DEPLOYMENT_TARGET = 17.0;
				LOCALIZATION_PREFERS_STRING_CATALOGS = YES;
				MTL_ENABLE_DEBUG_INFO = INCLUDE_SOURCE;
				MTL_FAST_MATH = YES;
				ONLY_ACTIVE_ARCH = YES;
				SDKROOT = iphoneos;
				SWIFT_ACTIVE_COMPILATION_CONDITIONS = "DEBUG $(inherited)";
				SWIFT_OPTIMIZATION_LEVEL = "-Onone";
			};
			name = Debug;
		};
		5C5F813F2B91BCB200654123 /* Release */ = {
			isa = XCBuildConfiguration;
			buildSettings = {
				ALWAYS_SEARCH_USER_PATHS = NO;
				ASSETCATALOG_COMPILER_GENERATE_SWIFT_ASSET_SYMBOL_EXTENSIONS = YES;
				CLANG_ANALYZER_NONNULL = YES;
				CLANG_ANALYZER_NUMBER_OBJECT_CONVERSION = YES_AGGRESSIVE;
				CLANG_CXX_LANGUAGE_STANDARD = "gnu++20";
				CLANG_ENABLE_MODULES = YES;
				CLANG_ENABLE_OBJC_ARC = YES;
				CLANG_ENABLE_OBJC_WEAK = YES;
				CLANG_WARN_BLOCK_CAPTURE_AUTORELEASING = YES;
				CLANG_WARN_BOOL_CONVERSION = YES;
				CLANG_WARN_COMMA = YES;
				CLANG_WARN_CONSTANT_CONVERSION = YES;
				CLANG_WARN_DEPRECATED_OBJC_IMPLEMENTATIONS = YES;
				CLANG_WARN_DIRECT_OBJC_ISA_USAGE = YES_ERROR;
				CLANG_WARN_DOCUMENTATION_COMMENTS = YES;
				CLANG_WARN_EMPTY_BODY = YES;
				CLANG_WARN_ENUM_CONVERSION = YES;
				CLANG_WARN_INFINITE_RECURSION = YES;
				CLANG_WARN_INT_CONVERSION = YES;
				CLANG_WARN_NON_LITERAL_NULL_CONVERSION = YES;
				CLANG_WARN_OBJC_IMPLICIT_RETAIN_SELF = YES;
				CLANG_WARN_OBJC_LITERAL_CONVERSION = YES;
				CLANG_WARN_OBJC_ROOT_CLASS = YES_ERROR;
				CLANG_WARN_QUOTED_INCLUDE_IN_FRAMEWORK_HEADER = YES;
				CLANG_WARN_RANGE_LOOP_ANALYSIS = YES;
				CLANG_WARN_STRICT_PROTOTYPES = YES;
				CLANG_WARN_SUSPICIOUS_MOVE = YES;
				CLANG_WARN_UNGUARDED_AVAILABILITY = YES_AGGRESSIVE;
				CLANG_WARN_UNREACHABLE_CODE = YES;
				CLANG_WARN__DUPLICATE_METHOD_MATCH = YES;
				COPY_PHASE_STRIP = NO;
				DEBUG_INFORMATION_FORMAT = "dwarf-with-dsym";
				ENABLE_NS_ASSERTIONS = NO;
				ENABLE_STRICT_OBJC_MSGSEND = YES;
				ENABLE_USER_SCRIPT_SANDBOXING = YES;
				GCC_C_LANGUAGE_STANDARD = gnu17;
				GCC_NO_COMMON_BLOCKS = YES;
				GCC_WARN_64_TO_32_BIT_CONVERSION = YES;
				GCC_WARN_ABOUT_RETURN_TYPE = YES_ERROR;
				GCC_WARN_UNDECLARED_SELECTOR = YES;
				GCC_WARN_UNINITIALIZED_AUTOS = YES_AGGRESSIVE;
				GCC_WARN_UNUSED_FUNCTION = YES;
				GCC_WARN_UNUSED_VARIABLE = YES;
				IPHONEOS_DEPLOYMENT_TARGET = 17.0;
				LOCALIZATION_PREFERS_STRING_CATALOGS = YES;
				MTL_ENABLE_DEBUG_INFO = NO;
				MTL_FAST_MATH = YES;
				SDKROOT = iphoneos;
				SWIFT_COMPILATION_MODE = wholemodule;
				VALIDATE_PRODUCT = YES;
			};
			name = Release;
		};
		5C5F81412B91BCB200654123 /* Debug */ = {
			isa = XCBuildConfiguration;
			buildSettings = {
				ASSETCATALOG_COMPILER_APPICON_NAME = AppIcon;
				ASSETCATALOG_COMPILER_GLOBAL_ACCENT_COLOR_NAME = AccentColor;
				CODE_SIGN_STYLE = Automatic;
				CURRENT_PROJECT_VERSION = 1;
				DEVELOPMENT_ASSET_PATHS = "\"Retro Game/Preview Content\"";
				DEVELOPMENT_TEAM = YTQW99BMDM;
				ENABLE_PREVIEWS = YES;
				GENERATE_INFOPLIST_FILE = YES;
				INFOPLIST_KEY_LSApplicationCategoryType = "public.app-category.games";
				INFOPLIST_KEY_UIApplicationSceneManifest_Generation = YES;
				INFOPLIST_KEY_UIApplicationSupportsIndirectInputEvents = YES;
				INFOPLIST_KEY_UILaunchScreen_Generation = YES;
				INFOPLIST_KEY_UISupportedInterfaceOrientations = UIInterfaceOrientationPortrait;
				INFOPLIST_KEY_UISupportedInterfaceOrientations_iPad = "UIInterfaceOrientationLandscapeLeft UIInterfaceOrientationLandscapeRight UIInterfaceOrientationPortrait UIInterfaceOrientationPortraitUpsideDown";
				LD_RUNPATH_SEARCH_PATHS = (
					"$(inherited)",
					"@executable_path/Frameworks",
				);
				MARKETING_VERSION = 1.0;
				PRODUCT_BUNDLE_IDENTIFIER = "myproject.Retro-Game";
				PRODUCT_NAME = "$(TARGET_NAME)";
				SUPPORTED_PLATFORMS = "iphoneos iphonesimulator";
				SUPPORTS_MACCATALYST = NO;
				SUPPORTS_MAC_DESIGNED_FOR_IPHONE_IPAD = NO;
				SWIFT_EMIT_LOC_STRINGS = YES;
				SWIFT_VERSION = 5.0;
				TARGETED_DEVICE_FAMILY = 1;
			};
			name = Debug;
		};
		5C5F81422B91BCB200654123 /* Release */ = {
			isa = XCBuildConfiguration;
			buildSettings = {
				ASSETCATALOG_COMPILER_APPICON_NAME = AppIcon;
				ASSETCATALOG_COMPILER_GLOBAL_ACCENT_COLOR_NAME = AccentColor;
				CODE_SIGN_STYLE = Automatic;
				CURRENT_PROJECT_VERSION = 1;
				DEVELOPMENT_ASSET_PATHS = "\"Retro Game/Preview Content\"";
				DEVELOPMENT_TEAM = YTQW99BMDM;
				ENABLE_PREVIEWS = YES;
				GENERATE_INFOPLIST_FILE = YES;
				INFOPLIST_KEY_LSApplicationCategoryType = "public.app-category.games";
				INFOPLIST_KEY_UIApplicationSceneManifest_Generation = YES;
				INFOPLIST_KEY_UIApplicationSupportsIndirectInputEvents = YES;
				INFOPLIST_KEY_UILaunchScreen_Generation = YES;
				INFOPLIST_KEY_UISupportedInterfaceOrientations = UIInterfaceOrientationPortrait;
				INFOPLIST_KEY_UISupportedInterfaceOrientations_iPad = "UIInterfaceOrientationLandscapeLeft UIInterfaceOrientationLandscapeRight UIInterfaceOrientationPortrait UIInterfaceOrientationPortraitUpsideDown";
				LD_RUNPATH_SEARCH_PATHS = (
					"$(inherited)",
					"@executable_path/Frameworks",
				);
				MARKETING_VERSION = 1.0;
				PRODUCT_BUNDLE_IDENTIFIER = "myproject.Retro-Game";
				PRODUCT_NAME = "$(TARGET_NAME)";
				SUPPORTED_PLATFORMS = "iphoneos iphonesimulator";
				SUPPORTS_MACCATALYST = NO;
				SUPPORTS_MAC_DESIGNED_FOR_IPHONE_IPAD = NO;
				SWIFT_EMIT_LOC_STRINGS = YES;
				SWIFT_VERSION = 5.0;
				TARGETED_DEVICE_FAMILY = 1;
			};
			name = Release;
		};
/* End XCBuildConfiguration section */

/* Begin XCConfigurationList section */
		5C5F812B2B91BCB000654123 /* Build configuration list for PBXProject "Retro Game" */ = {
			isa = XCConfigurationList;
			buildConfigurations = (
				5C5F813E2B91BCB200654123 /* Debug */,
				5C5F813F2B91BCB200654123 /* Release */,
			);
			defaultConfigurationIsVisible = 0;
			defaultConfigurationName = Release;
		};
		5C5F81402B91BCB200654123 /* Build configuration list for PBXNativeTarget "Retro Game" */ = {
			isa = XCConfigurationList;
			buildConfigurations = (
				5C5F81412B91BCB200654123 /* Debug */,
				5C5F81422B91BCB200654123 /* Release */,
			);
			defaultConfigurationIsVisible = 0;
			defaultConfigurationName = Release;
		};
/* End XCConfigurationList section */

/* Begin XCRemoteSwiftPackageReference section */
		5C61FD1C2B9613C200706884 /* XCRemoteSwiftPackageReference "firebase-ios-sdk" */ = {
			isa = XCRemoteSwiftPackageReference;
			repositoryURL = "https://github.com/firebase/firebase-ios-sdk";
			requirement = {
				kind = upToNextMajorVersion;
				minimumVersion = 10.21.0;
			};
		};
		5C61FD682BA86E5B00706884 /* XCRemoteSwiftPackageReference "neumorphic" */ = {
			isa = XCRemoteSwiftPackageReference;
			repositoryURL = "https://github.com/costachung/neumorphic/";
			requirement = {
				branch = master;
				kind = branch;
			};
		};
/* End XCRemoteSwiftPackageReference section */

/* Begin XCSwiftPackageProductDependency section */
		5C61FD1D2B9613C200706884 /* FirebaseAnalytics */ = {
			isa = XCSwiftPackageProductDependency;
			package = 5C61FD1C2B9613C200706884 /* XCRemoteSwiftPackageReference "firebase-ios-sdk" */;
			productName = FirebaseAnalytics;
		};
		5C61FD1F2B9613C200706884 /* FirebaseAnalyticsOnDeviceConversion */ = {
			isa = XCSwiftPackageProductDependency;
			package = 5C61FD1C2B9613C200706884 /* XCRemoteSwiftPackageReference "firebase-ios-sdk" */;
			productName = FirebaseAnalyticsOnDeviceConversion;
		};
		5C61FD212B9613C200706884 /* FirebaseAnalyticsSwift */ = {
			isa = XCSwiftPackageProductDependency;
			package = 5C61FD1C2B9613C200706884 /* XCRemoteSwiftPackageReference "firebase-ios-sdk" */;
			productName = FirebaseAnalyticsSwift;
		};
		5C61FD232B9613C200706884 /* FirebaseAnalyticsWithoutAdIdSupport */ = {
			isa = XCSwiftPackageProductDependency;
			package = 5C61FD1C2B9613C200706884 /* XCRemoteSwiftPackageReference "firebase-ios-sdk" */;
			productName = FirebaseAnalyticsWithoutAdIdSupport;
		};
		5C61FD252B9613C200706884 /* FirebaseAppCheck */ = {
			isa = XCSwiftPackageProductDependency;
			package = 5C61FD1C2B9613C200706884 /* XCRemoteSwiftPackageReference "firebase-ios-sdk" */;
			productName = FirebaseAppCheck;
		};
		5C61FD2A2B9B662A00706884 /* FirebaseAnalytics */ = {
			isa = XCSwiftPackageProductDependency;
			productName = FirebaseAnalytics;
		};
		5C61FD2C2B9B662A00706884 /* FirebaseAnalyticsOnDeviceConversion */ = {
			isa = XCSwiftPackageProductDependency;
			productName = FirebaseAnalyticsOnDeviceConversion;
		};
		5C61FD2E2B9B662A00706884 /* FirebaseAnalyticsSwift */ = {
			isa = XCSwiftPackageProductDependency;
			productName = FirebaseAnalyticsSwift;
		};
		5C61FD302B9B662A00706884 /* FirebaseAnalyticsWithoutAdIdSupport */ = {
			isa = XCSwiftPackageProductDependency;
			productName = FirebaseAnalyticsWithoutAdIdSupport;
		};
		5C61FD322B9B662A00706884 /* FirebaseAppCheck */ = {
			isa = XCSwiftPackageProductDependency;
			productName = FirebaseAppCheck;
		};
		5C61FD352B9B66B300706884 /* FirebaseFirestoreSwift */ = {
			isa = XCSwiftPackageProductDependency;
			package = 5C61FD1C2B9613C200706884 /* XCRemoteSwiftPackageReference "firebase-ios-sdk" */;
			productName = FirebaseFirestoreSwift;
		};
		5C61FD372B9B671300706884 /* FirebaseFirestore */ = {
			isa = XCSwiftPackageProductDependency;
			package = 5C61FD1C2B9613C200706884 /* XCRemoteSwiftPackageReference "firebase-ios-sdk" */;
			productName = FirebaseFirestore;
		};
		5C61FD692BA86E5B00706884 /* Neumorphic */ = {
			isa = XCSwiftPackageProductDependency;
			package = 5C61FD682BA86E5B00706884 /* XCRemoteSwiftPackageReference "neumorphic" */;
			productName = Neumorphic;
		};
/* End XCSwiftPackageProductDependency section */
	};
	rootObject = 5C5F81282B91BCB000654123 /* Project object */;
}
